
Microsoft Visual Studio Solution File, Format Version 12.00
# Visual Studio Version 16
VisualStudioVersion = 16.0.36631.11
MinimumVisualStudioVersion = 10.0.40219.1
Project("{FAE04EC0-301F-11D3-BF4B-00C04F79EFBC}") = "CLRFunctions", "CLRFunctions\CLRFunctions.csproj", "{D370D750-FD48-471A-9C8C-7306C1A9C720}"
EndProject
Global
	GlobalSection(SolutionConfigurationPlatforms) = preSolution
		Debug|Any CPU = Debug|Any CPU
		Release|Any CPU = Release|Any CPU
	EndGlobalSection
	GlobalSection(ProjectConfigurationPlatforms) = postSolution
		{D370D750-FD48-471A-9C8C-7306C1A9C720}.Debug|Any CPU.ActiveCfg = Debug|Any CPU
		{D370D750-FD48-471A-9C8C-7306C1A9C720}.Debug|Any CPU.Build.0 = Debug|Any CPU
		{D370D750-FD48-471A-9C8C-7306C1A9C720}.Release|Any CPU.ActiveCfg = Release|Any CPU
		{D370D750-FD48-471A-9C8C-7306C1A9C720}.Release|Any CPU.Build.0 = Release|Any CPU
	EndGlobalSection
	GlobalSection(SolutionProperties) = preSolution
		HideSolutionNode = FALSE
	EndGlobalSection
	GlobalSection(ExtensibilityGlobals) = postSolution
		SolutionGuid = {97ACD471-F470-417E-9262-108D29424873}
	EndGlobalSection
EndGlobal
